
Microsoft Visual Studio Solution File, Format Version 12.00
# Visual Studio Version 17
VisualStudioVersion = 17.0.31903.59
MinimumVisualStudioVersion = 10.0.40219.1
Project("{2150E333-8FDC-42A3-9474-1A3956D46DE8}") = "src", "src", "{C4FDFA2F-1671-4C3D-9A7A-F8E0C9071995}"
EndProject
Project("{9A19103F-16F7-4668-BE54-9A1E7A4F7556}") = "F0.Wpf", "production\F0.Wpf\F0.Wpf.csproj", "{A8B0ADEB-F644-464B-B60C-371816269918}"
EndProject
Project("{2150E333-8FDC-42A3-9474-1A3956D46DE8}") = "tests", "tests", "{8FD4503E-AC6B-4E5E-B3A8-E77075511BC4}"
EndProject
Project("{9A19103F-16F7-4668-BE54-9A1E7A4F7556}") = "F0.Wpf.Tests", "test\F0.Wpf.Tests\F0.Wpf.Tests.csproj", "{11F38DCA-BAC4-488D-898C-49755808BDE5}"
EndProject
Project("{2150E333-8FDC-42A3-9474-1A3956D46DE8}") = "samples", "samples", "{DE5B07A4-1164-4D3B-A73B-195CC13D41E4}"
EndProject
Project("{9A19103F-16F7-4668-BE54-9A1E7A4F7556}") = "F0.Wpf.Example.Diagnostics", "example\F0.Wpf.Example.Diagnostics\F0.Wpf.Example.Diagnostics.csproj", "{EE72BCD5-3B15-418D-9DB1-BCAF4A33F8E2}"
EndProject
Project("{9A19103F-16F7-4668-BE54-9A1E7A4F7556}") = "F0.Wpf.Example.Windows.Data", "example\F0.Wpf.Example.Windows.Data\F0.Wpf.Example.Windows.Data.csproj", "{7C2D48AC-9CE5-443E-9D16-D7C9E1252FE7}"
EndProject
Project("{9A19103F-16F7-4668-BE54-9A1E7A4F7556}") = "F0.Wpf.Example.Windows", "example\F0.Wpf.Example.Windows\F0.Wpf.Example.Windows.csproj", "{A6B98CFB-6797-4682-904E-77A4A7B8A860}"
EndProject
Global
	GlobalSection(SolutionConfigurationPlatforms) = preSolution
		Debug|Any CPU = Debug|Any CPU
		Release|Any CPU = Release|Any CPU
	EndGlobalSection
	GlobalSection(ProjectConfigurationPlatforms) = postSolution
		{A8B0ADEB-F644-464B-B60C-371816269918}.Debug|Any CPU.ActiveCfg = Debug|Any CPU
		{A8B0ADEB-F644-464B-B60C-371816269918}.Debug|Any CPU.Build.0 = Debug|Any CPU
		{A8B0ADEB-F644-464B-B60C-371816269918}.Release|Any CPU.ActiveCfg = Release|Any CPU
		{A8B0ADEB-F644-464B-B60C-371816269918}.Release|Any CPU.Build.0 = Release|Any CPU
		{11F38DCA-BAC4-488D-898C-49755808BDE5}.Debug|Any CPU.ActiveCfg = Debug|Any CPU
		{11F38DCA-BAC4-488D-898C-49755808BDE5}.Debug|Any CPU.Build.0 = Debug|Any CPU
		{11F38DCA-BAC4-488D-898C-49755808BDE5}.Release|Any CPU.ActiveCfg = Release|Any CPU
		{11F38DCA-BAC4-488D-898C-49755808BDE5}.Release|Any CPU.Build.0 = Release|Any CPU
		{EE72BCD5-3B15-418D-9DB1-BCAF4A33F8E2}.Debug|Any CPU.ActiveCfg = Debug|Any CPU
		{EE72BCD5-3B15-418D-9DB1-BCAF4A33F8E2}.Debug|Any CPU.Build.0 = Debug|Any CPU
		{EE72BCD5-3B15-418D-9DB1-BCAF4A33F8E2}.Release|Any CPU.ActiveCfg = Release|Any CPU
		{EE72BCD5-3B15-418D-9DB1-BCAF4A33F8E2}.Release|Any CPU.Build.0 = Release|Any CPU
		{7C2D48AC-9CE5-443E-9D16-D7C9E1252FE7}.Debug|Any CPU.ActiveCfg = Debug|Any CPU
		{7C2D48AC-9CE5-443E-9D16-D7C9E1252FE7}.Debug|Any CPU.Build.0 = Debug|Any CPU
		{7C2D48AC-9CE5-443E-9D16-D7C9E1252FE7}.Release|Any CPU.ActiveCfg = Release|Any CPU
		{7C2D48AC-9CE5-443E-9D16-D7C9E1252FE7}.Release|Any CPU.Build.0 = Release|Any CPU
		{A6B98CFB-6797-4682-904E-77A4A7B8A860}.Debug|Any CPU.ActiveCfg = Debug|Any CPU
		{A6B98CFB-6797-4682-904E-77A4A7B8A860}.Debug|Any CPU.Build.0 = Debug|Any CPU
		{A6B98CFB-6797-4682-904E-77A4A7B8A860}.Release|Any CPU.ActiveCfg = Release|Any CPU
		{A6B98CFB-6797-4682-904E-77A4A7B8A860}.Release|Any CPU.Build.0 = Release|Any CPU
	EndGlobalSection
	GlobalSection(SolutionProperties) = preSolution
		HideSolutionNode = FALSE
	EndGlobalSection
	GlobalSection(NestedProjects) = preSolution
		{A8B0ADEB-F644-464B-B60C-371816269918} = {C4FDFA2F-1671-4C3D-9A7A-F8E0C9071995}
		{11F38DCA-BAC4-488D-898C-49755808BDE5} = {8FD4503E-AC6B-4E5E-B3A8-E77075511BC4}
		{EE72BCD5-3B15-418D-9DB1-BCAF4A33F8E2} = {DE5B07A4-1164-4D3B-A73B-195CC13D41E4}
		{7C2D48AC-9CE5-443E-9D16-D7C9E1252FE7} = {DE5B07A4-1164-4D3B-A73B-195CC13D41E4}
		{A6B98CFB-6797-4682-904E-77A4A7B8A860} = {DE5B07A4-1164-4D3B-A73B-195CC13D41E4}
	EndGlobalSection
	GlobalSection(ExtensibilityGlobals) = postSolution
		SolutionGuid = {60B738F0-FDD2-4742-8A72-5B650AA9AD6A}
	EndGlobalSection
EndGlobal
